
Microsoft Visual Studio Solution File, Format Version 12.00
# Visual Studio Version 16
VisualStudioVersion = 16.0.31624.102
MinimumVisualStudioVersion = 10.0.40219.1
Project("{FAE04EC0-301F-11D3-BF4B-00C04F79EFBC}") = "PersonalityTest", "PersonalityTest\PersonalityTest.csproj", "{7538AA9C-3AE1-4552-AC08-639FF4EF4FF9}"
EndProject
Project("{FAE04EC0-301F-11D3-BF4B-00C04F79EFBC}") = "GradingIF", "GradingIF\GradingIF.csproj", "{922DD649-28BC-4CE9-8714-4E478761EE54}"
EndProject
Project("{FAE04EC0-301F-11D3-BF4B-00C04F79EFBC}") = "PersonalityTestSwitch", "PersonalityTestSwitch\PersonalityTestSwitch.csproj", "{80BA7440-41F9-4B48-A459-2328FB764FE1}"
EndProject
Project("{FAE04EC0-301F-11D3-BF4B-00C04F79EFBC}") = "GradingSwitch", "GradingSwitch\GradingSwitch.csproj", "{AA0412C9-5B82-4E6B-8D1E-30DA57E9A57F}"
EndProject
Project("{FAE04EC0-301F-11D3-BF4B-00C04F79EFBC}") = "CatsAndDogs", "CatsAndDogs\CatsAndDogs.csproj", "{4ED117C3-BB4B-46C0-8CF5-8B09A58AC94E}"
EndProject
Global
	GlobalSection(SolutionConfigurationPlatforms) = preSolution
		Debug|Any CPU = Debug|Any CPU
		Release|Any CPU = Release|Any CPU
	EndGlobalSection
	GlobalSection(ProjectConfigurationPlatforms) = postSolution
		{7538AA9C-3AE1-4552-AC08-639FF4EF4FF9}.Debug|Any CPU.ActiveCfg = Debug|Any CPU
		{7538AA9C-3AE1-4552-AC08-639FF4EF4FF9}.Debug|Any CPU.Build.0 = Debug|Any CPU
		{7538AA9C-3AE1-4552-AC08-639FF4EF4FF9}.Release|Any CPU.ActiveCfg = Release|Any CPU
		{7538AA9C-3AE1-4552-AC08-639FF4EF4FF9}.Release|Any CPU.Build.0 = Release|Any CPU
		{922DD649-28BC-4CE9-8714-4E478761EE54}.Debug|Any CPU.ActiveCfg = Debug|Any CPU
		{922DD649-28BC-4CE9-8714-4E478761EE54}.Debug|Any CPU.Build.0 = Debug|Any CPU
		{922DD649-28BC-4CE9-8714-4E478761EE54}.Release|Any CPU.ActiveCfg = Release|Any CPU
		{922DD649-28BC-4CE9-8714-4E478761EE54}.Release|Any CPU.Build.0 = Release|Any CPU
		{80BA7440-41F9-4B48-A459-2328FB764FE1}.Debug|Any CPU.ActiveCfg = Debug|Any CPU
		{80BA7440-41F9-4B48-A459-2328FB764FE1}.Debug|Any CPU.Build.0 = Debug|Any CPU
		{80BA7440-41F9-4B48-A459-2328FB764FE1}.Release|Any CPU.ActiveCfg = Release|Any CPU
		{80BA7440-41F9-4B48-A459-2328FB764FE1}.Release|Any CPU.Build.0 = Release|Any CPU
		{AA0412C9-5B82-4E6B-8D1E-30DA57E9A57F}.Debug|Any CPU.ActiveCfg = Debug|Any CPU
		{AA0412C9-5B82-4E6B-8D1E-30DA57E9A57F}.Debug|Any CPU.Build.0 = Debug|Any CPU
		{AA0412C9-5B82-4E6B-8D1E-30DA57E9A57F}.Release|Any CPU.ActiveCfg = Release|Any CPU
		{AA0412C9-5B82-4E6B-8D1E-30DA57E9A57F}.Release|Any CPU.Build.0 = Release|Any CPU
		{4ED117C3-BB4B-46C0-8CF5-8B09A58AC94E}.Debug|Any CPU.ActiveCfg = Debug|Any CPU
		{4ED117C3-BB4B-46C0-8CF5-8B09A58AC94E}.Debug|Any CPU.Build.0 = Debug|Any CPU
		{4ED117C3-BB4B-46C0-8CF5-8B09A58AC94E}.Release|Any CPU.ActiveCfg = Release|Any CPU
		{4ED117C3-BB4B-46C0-8CF5-8B09A58AC94E}.Release|Any CPU.Build.0 = Release|Any CPU
	EndGlobalSection
	GlobalSection(SolutionProperties) = preSolution
		HideSolutionNode = FALSE
	EndGlobalSection
	GlobalSection(ExtensibilityGlobals) = postSolution
		SolutionGuid = {93F31365-BDDB-482D-99EE-1339857AD6B7}
	EndGlobalSection
EndGlobal
